
Microsoft Visual Studio Solution File, Format Version 12.00
# Visual Studio 2013
VisualStudioVersion = 12.0.30501.0
MinimumVisualStudioVersion = 10.0.40219.1
Project("{8BC9CEB8-8B4A-11D0-8D11-00A0C91BC942}") = "msstyleEditor", "msstyleEditor\msstyleEditor.vcxproj", "{A9276BE4-21E0-4A40-9B5D-A96B5FED4F4C}"
	ProjectSection(ProjectDependencies) = postProject
		{223AE9F1-462F-47D5-82C4-3241520D0C8C} = {223AE9F1-462F-47D5-82C4-3241520D0C8C}
	EndProjectSection
EndProject
Project("{2150E333-8FDC-42A3-9474-1A3956D46DE8}") = "Solution Items", "Solution Items", "{3E8D76D3-CBDF-469C-A096-8D3A7DFCA094}"
EndProject
Project("{8BC9CEB8-8B4A-11D0-8D11-00A0C91BC942}") = "libmsstyle", "libmsstyle\libmsstyle.vcxproj", "{223AE9F1-462F-47D5-82C4-3241520D0C8C}"
EndProject
Global
	GlobalSection(SolutionConfigurationPlatforms) = preSolution
		Debug|Mixed Platforms = Debug|Mixed Platforms
		Debug|Win32 = Debug|Win32
		Debug|x64 = Debug|x64
		Release|Mixed Platforms = Release|Mixed Platforms
		Release|Win32 = Release|Win32
		Release|x64 = Release|x64
	EndGlobalSection
	GlobalSection(ProjectConfigurationPlatforms) = postSolution
		{A9276BE4-21E0-4A40-9B5D-A96B5FED4F4C}.Debug|Mixed Platforms.ActiveCfg = Debug|Win32
		{A9276BE4-21E0-4A40-9B5D-A96B5FED4F4C}.Debug|Mixed Platforms.Build.0 = Debug|Win32
		{A9276BE4-21E0-4A40-9B5D-A96B5FED4F4C}.Debug|Win32.ActiveCfg = Debug|Win32
		{A9276BE4-21E0-4A40-9B5D-A96B5FED4F4C}.Debug|Win32.Build.0 = Debug|Win32
		{A9276BE4-21E0-4A40-9B5D-A96B5FED4F4C}.Debug|x64.ActiveCfg = Debug|x64
		{A9276BE4-21E0-4A40-9B5D-A96B5FED4F4C}.Debug|x64.Build.0 = Debug|x64
		{A9276BE4-21E0-4A40-9B5D-A96B5FED4F4C}.Release|Mixed Platforms.ActiveCfg = Release|Win32
		{A9276BE4-21E0-4A40-9B5D-A96B5FED4F4C}.Release|Mixed Platforms.Build.0 = Release|Win32
		{A9276BE4-21E0-4A40-9B5D-A96B5FED4F4C}.Release|Win32.ActiveCfg = Release|Win32
		{A9276BE4-21E0-4A40-9B5D-A96B5FED4F4C}.Release|Win32.Build.0 = Release|Win32
		{A9276BE4-21E0-4A40-9B5D-A96B5FED4F4C}.Release|x64.ActiveCfg = Release|x64
		{A9276BE4-21E0-4A40-9B5D-A96B5FED4F4C}.Release|x64.Build.0 = Release|x64
		{223AE9F1-462F-47D5-82C4-3241520D0C8C}.Debug|Mixed Platforms.ActiveCfg = Debug|Win32
		{223AE9F1-462F-47D5-82C4-3241520D0C8C}.Debug|Mixed Platforms.Build.0 = Debug|Win32
		{223AE9F1-462F-47D5-82C4-3241520D0C8C}.Debug|Win32.ActiveCfg = Debug|Win32
		{223AE9F1-462F-47D5-82C4-3241520D0C8C}.Debug|Win32.Build.0 = Debug|Win32
		{223AE9F1-462F-47D5-82C4-3241520D0C8C}.Debug|x64.ActiveCfg = Debug|x64
		{223AE9F1-462F-47D5-82C4-3241520D0C8C}.Debug|x64.Build.0 = Debug|x64
		{223AE9F1-462F-47D5-82C4-3241520D0C8C}.Release|Mixed Platforms.ActiveCfg = Release|Win32
		{223AE9F1-462F-47D5-82C4-3241520D0C8C}.Release|Mixed Platforms.Build.0 = Release|Win32
		{223AE9F1-462F-47D5-82C4-3241520D0C8C}.Release|Win32.ActiveCfg = Release|Win32
		{223AE9F1-462F-47D5-82C4-3241520D0C8C}.Release|Win32.Build.0 = Release|Win32
		{223AE9F1-462F-47D5-82C4-3241520D0C8C}.Release|x64.ActiveCfg = Release|x64
		{223AE9F1-462F-47D5-82C4-3241520D0C8C}.Release|x64.Build.0 = Release|x64
	EndGlobalSection
	GlobalSection(SolutionProperties) = preSolution
		HideSolutionNode = FALSE
	EndGlobalSection
EndGlobal
