<?xml version="1.0" encoding="utf-8"?>
<Project ToolsVersion="4.0" xmlns="http://schemas.microsoft.com/developer/msbuild/2003">
  <ItemGroup>
    <Filter Include="Resource Files">
      <UniqueIdentifier>{3b0f6fdc-eebc-46ff-b203-41af2d14bbaf}</UniqueIdentifier>
      <Extensions>rc;ico;cur;bmp;dlg;rc2;rct;bin;rgs;jpg;jpeg;jpe;manifest</Extensions>
    </Filter>
    <Filter Include="Controls">
      <UniqueIdentifier>{3daeeeb4-a4f0-4045-8bbb-b71410d7d5cb}</UniqueIdentifier>
    </Filter>
  </ItemGroup>
  <ItemGroup>
    <ClCompile Include="msstyleEditorWTL.cpp" />
    <ClCompile Include="stdafx.cpp" />
    <ClCompile Include="MainFrm.cpp" />
    <ClCompile Include="Helper.cpp" />
  </ItemGroup>
  <ItemGroup>
    <ClInclude Include="AboutDlg.h" />
    <ClInclude Include="MainFrm.h" />
    <ClInclude Include="resource.h" />
    <ClInclude Include="stdafx.h" />
    <ClInclude Include="Controls\PropertyItem.h">
      <Filter>Controls</Filter>
    </ClInclude>
    <ClInclude Include="Controls\PropertyItemEditors.h">
      <Filter>Controls</Filter>
    </ClInclude>
    <ClInclude Include="Controls\PropertyItemImpl.h">
      <Filter>Controls</Filter>
    </ClInclude>
    <ClInclude Include="Controls\PropertyList.h">
      <Filter>Controls</Filter>
    </ClInclude>
    <ClInclude Include="Controls\GradientLabel.h">
      <Filter>Controls</Filter>
    </ClInclude>
    <ClInclude Include="Controls\CImageCtrl.h">
      <Filter>Controls</Filter>
    </ClInclude>
    <ClInclude Include="Helper.h" />
    <ClInclude Include="TreeItemData.h" />
  </ItemGroup>
  <ItemGroup>
    <ResourceCompile Include="msstyleEditorWTL.rc">
      <Filter>Resource Files</Filter>
    </ResourceCompile>
  </ItemGroup>
  <ItemGroup>
    <Image Include="res\toolbar.bmp">
      <Filter>Resource Files</Filter>
    </Image>
    <Image Include="res\msstyleEditorWTL.ico">
      <Filter>Resource Files</Filter>
    </Image>
  </ItemGroup>
</Project>